
Microsoft Visual Studio Solution File, Format Version 12.00
# Visual Studio 15
VisualStudioVersion = 15.0.28307.168
MinimumVisualStudioVersion = 10.0.40219.1
Project("{2150E333-8FDC-42A3-9474-1A3956D46DE8}") = "src", "src", "{D5944917-FC71-4107-B5B7-A77B237EF48B}"
	ProjectSection(SolutionItems) = preProject
		src\appdotnet462-dev.yml = src\appdotnet462-dev.yml
	EndProjectSection
EndProject
Global
	GlobalSection(SolutionProperties) = preSolution
		HideSolutionNode = FALSE
	EndGlobalSection
	GlobalSection(ExtensibilityGlobals) = postSolution
		SolutionGuid = {F16F3CBC-FC9E-4AC8-9B12-1A0F58F7633F}
	EndGlobalSection
EndGlobal
